
Microsoft Visual Studio Solution File, Format Version 12.00
# Visual Studio Version 17
VisualStudioVersion = 17.9.34728.123
MinimumVisualStudioVersion = 10.0.40219.1
Project("{FAE04EC0-301F-11D3-BF4B-00C04F79EFBC}") = "app", "app\app.csproj", "{443F583B-6B19-408E-A471-1B245F976662}"
EndProject
Global
	GlobalSection(SolutionConfigurationPlatforms) = preSolution
		Debug|Any CPU = Debug|Any CPU
		Release|Any CPU = Release|Any CPU
	EndGlobalSection
	GlobalSection(ProjectConfigurationPlatforms) = postSolution
		{443F583B-6B19-408E-A471-1B245F976662}.Debug|Any CPU.ActiveCfg = Debug|Any CPU
		{443F583B-6B19-408E-A471-1B245F976662}.Debug|Any CPU.Build.0 = Debug|Any CPU
		{443F583B-6B19-408E-A471-1B245F976662}.Debug|Any CPU.Deploy.0 = Debug|Any CPU
		{443F583B-6B19-408E-A471-1B245F976662}.Release|Any CPU.ActiveCfg = Release|Any CPU
		{443F583B-6B19-408E-A471-1B245F976662}.Release|Any CPU.Build.0 = Release|Any CPU
		{443F583B-6B19-408E-A471-1B245F976662}.Release|Any CPU.Deploy.0 = Release|Any CPU
	EndGlobalSection
	GlobalSection(SolutionProperties) = preSolution
		HideSolutionNode = FALSE
	EndGlobalSection
	GlobalSection(ExtensibilityGlobals) = postSolution
		SolutionGuid = {4E2D5F06-1EF9-41A6-915C-1AF75CBBDF58}
	EndGlobalSection
EndGlobal
