
Microsoft Visual Studio Solution File, Format Version 12.00
# Visual Studio Version 17
VisualStudioVersion = 17.9.34728.123
MinimumVisualStudioVersion = 10.0.40219.1
Project("{9A19103F-16F7-4668-BE54-9A1E7A4F7556}") = "App", "App\App.csproj", "{27EFFC2E-37EA-473F-92BC-6F51CFB2E028}"
EndProject
Project("{9A19103F-16F7-4668-BE54-9A1E7A4F7556}") = "App.Desktop", "App.Desktop\App.Desktop.csproj", "{DA68B37C-4E6E-4D05-A438-BB7BA9CCB86E}"
EndProject
Global
	GlobalSection(SolutionConfigurationPlatforms) = preSolution
		Debug|Any CPU = Debug|Any CPU
		Release|Any CPU = Release|Any CPU
	EndGlobalSection
	GlobalSection(ProjectConfigurationPlatforms) = postSolution
		{27EFFC2E-37EA-473F-92BC-6F51CFB2E028}.Debug|Any CPU.ActiveCfg = Debug|Any CPU
		{27EFFC2E-37EA-473F-92BC-6F51CFB2E028}.Debug|Any CPU.Build.0 = Debug|Any CPU
		{27EFFC2E-37EA-473F-92BC-6F51CFB2E028}.Release|Any CPU.ActiveCfg = Release|Any CPU
		{27EFFC2E-37EA-473F-92BC-6F51CFB2E028}.Release|Any CPU.Build.0 = Release|Any CPU
		{DA68B37C-4E6E-4D05-A438-BB7BA9CCB86E}.Debug|Any CPU.ActiveCfg = Debug|Any CPU
		{DA68B37C-4E6E-4D05-A438-BB7BA9CCB86E}.Debug|Any CPU.Build.0 = Debug|Any CPU
		{DA68B37C-4E6E-4D05-A438-BB7BA9CCB86E}.Release|Any CPU.ActiveCfg = Release|Any CPU
		{DA68B37C-4E6E-4D05-A438-BB7BA9CCB86E}.Release|Any CPU.Build.0 = Release|Any CPU
	EndGlobalSection
	GlobalSection(SolutionProperties) = preSolution
		HideSolutionNode = FALSE
	EndGlobalSection
	GlobalSection(ExtensibilityGlobals) = postSolution
		SolutionGuid = {4E2D5F06-1EF9-41A6-915C-1AF75CBBDF58}
	EndGlobalSection
EndGlobal
